
Microsoft Visual Studio Solution File, Format Version 12.00
# Visual Studio 14
VisualStudioVersion = 14.0.25123.0
MinimumVisualStudioVersion = 10.0.40219.1
Project("{FAE04EC0-301F-11D3-BF4B-00C04F79EFBC}") = "MetroForSteamAutoUpdater", "MetroForSteamAutoUpdater\MetroForSteamAutoUpdater.csproj", "{CE368B88-80F0-4DB3-814B-95753C5A9981}"
EndProject
Global
	GlobalSection(SolutionConfigurationPlatforms) = preSolution
		Debug|Any CPU = Debug|Any CPU
		Release|Any CPU = Release|Any CPU
	EndGlobalSection
	GlobalSection(ProjectConfigurationPlatforms) = postSolution
		{CE368B88-80F0-4DB3-814B-95753C5A9981}.Debug|Any CPU.ActiveCfg = Debug|Any CPU
		{CE368B88-80F0-4DB3-814B-95753C5A9981}.Debug|Any CPU.Build.0 = Debug|Any CPU
		{CE368B88-80F0-4DB3-814B-95753C5A9981}.Release|Any CPU.ActiveCfg = Release|Any CPU
		{CE368B88-80F0-4DB3-814B-95753C5A9981}.Release|Any CPU.Build.0 = Release|Any CPU
	EndGlobalSection
	GlobalSection(SolutionProperties) = preSolution
		HideSolutionNode = FALSE
	EndGlobalSection
EndGlobal
